
Microsoft Visual Studio Solution File, Format Version 12.00
# Visual Studio Version 16
VisualStudioVersion = 16.0.31025.194
MinimumVisualStudioVersion = 10.0.40219.1
Project("{9A19103F-16F7-4668-BE54-9A1E7A4F7556}") = "BNFCorrectness", "BNFCorrectness\BNFCorrectness.csproj", "{28B053F7-0C36-4A2F-AAA5-70B92FE34018}"
EndProject
Project("{9A19103F-16F7-4668-BE54-9A1E7A4F7556}") = "BNFCorrectness.Tests", "BNFCorrectness.Tests\BNFCorrectness.Tests.csproj", "{446FA782-A7E7-496F-B1CA-33105C54FB05}"
EndProject
Project("{2150E333-8FDC-42A3-9474-1A3956D46DE8}") = "Solution Items", "Solution Items", "{D4201F44-5EDE-4C6C-A172-4212E2B9AB4F}"
	ProjectSection(SolutionItems) = preProject
		.gitignore = .gitignore
		CHANGELOG.md = CHANGELOG.md
		README.md = README.md
	EndProjectSection
EndProject
Global
	GlobalSection(SolutionConfigurationPlatforms) = preSolution
		Debug|Any CPU = Debug|Any CPU
		Release|Any CPU = Release|Any CPU
	EndGlobalSection
	GlobalSection(ProjectConfigurationPlatforms) = postSolution
		{28B053F7-0C36-4A2F-AAA5-70B92FE34018}.Debug|Any CPU.ActiveCfg = Debug|Any CPU
		{28B053F7-0C36-4A2F-AAA5-70B92FE34018}.Debug|Any CPU.Build.0 = Debug|Any CPU
		{28B053F7-0C36-4A2F-AAA5-70B92FE34018}.Release|Any CPU.ActiveCfg = Release|Any CPU
		{28B053F7-0C36-4A2F-AAA5-70B92FE34018}.Release|Any CPU.Build.0 = Release|Any CPU
		{446FA782-A7E7-496F-B1CA-33105C54FB05}.Debug|Any CPU.ActiveCfg = Debug|Any CPU
		{446FA782-A7E7-496F-B1CA-33105C54FB05}.Debug|Any CPU.Build.0 = Debug|Any CPU
		{446FA782-A7E7-496F-B1CA-33105C54FB05}.Release|Any CPU.ActiveCfg = Release|Any CPU
		{446FA782-A7E7-496F-B1CA-33105C54FB05}.Release|Any CPU.Build.0 = Release|Any CPU
	EndGlobalSection
	GlobalSection(SolutionProperties) = preSolution
		HideSolutionNode = FALSE
	EndGlobalSection
	GlobalSection(ExtensibilityGlobals) = postSolution
		SolutionGuid = {1CC61A33-DDFF-43E0-A93D-2FD74F2A3054}
	EndGlobalSection
EndGlobal
